// !$*UTF8*$!
{
	archiveVersion = 1;
	classes = {
	};
	objectVersion = 46;
	objects = {

/* Begin PBXBuildFile section */
		8A0EE0F01E99713700326E3D /* main.c in Sources */ = {isa = PBXBuildFile; fileRef = 8A0EE0EF1E99713700326E3D /* main.c */; };
		8A0EE0FA1E99724300326E3D /* AMPFirstHomeTask.c in Sources */ = {isa = PBXBuildFile; fileRef = 8A0EE0F81E99724300326E3D /* AMPFirstHomeTask.c */; };
		8A0EE1011E99916400326E3D /* AMPHomeTaskTests.c in Sources */ = {isa = PBXBuildFile; fileRef = 8A0EE0FF1E99916400326E3D /* AMPHomeTaskTests.c */; };
/* End PBXBuildFile section */

/* Begin PBXCopyFilesBuildPhase section */
		8A0EE0EA1E99713700326E3D /* CopyFiles */ = {
			isa = PBXCopyFilesBuildPhase;
			buildActionMask = 2147483647;
			dstPath = /usr/share/man/man1/;
			dstSubfolderSpec = 0;
			files = (
			);
			runOnlyForDeploymentPostprocessing = 1;
		};
/* End PBXCopyFilesBuildPhase section */

/* Begin PBXFileReference section */
		8A0EE0EC1E99713700326E3D /* AMPStudy */ = {isa = PBXFileReference; explicitFileType = "compiled.mach-o.executable"; includeInIndex = 0; path = AMPStudy; sourceTree = BUILT_PRODUCTS_DIR; };
		8A0EE0EF1E99713700326E3D /* main.c */ = {isa = PBXFileReference; lastKnownFileType = sourcecode.c.c; path = main.c; sourceTree = "<group>"; };
		8A0EE0F81E99724300326E3D /* AMPFirstHomeTask.c */ = {isa = PBXFileReference; fileEncoding = 4; lastKnownFileType = sourcecode.c.c; path = AMPFirstHomeTask.c; sourceTree = "<group>"; };
		8A0EE0F91E99724300326E3D /* AMPFirstHomeTask.h */ = {isa = PBXFileReference; fileEncoding = 4; lastKnownFileType = sourcecode.c.h; path = AMPFirstHomeTask.h; sourceTree = "<group>"; };
		8A0EE0FC1E998A1700326E3D /* AMPMacros.h */ = {isa = PBXFileReference; fileEncoding = 4; lastKnownFileType = sourcecode.c.h; path = AMPMacros.h; sourceTree = "<group>"; };
		8A0EE0FF1E99916400326E3D /* AMPHomeTaskTests.c */ = {isa = PBXFileReference; fileEncoding = 4; lastKnownFileType = sourcecode.c.c; path = AMPHomeTaskTests.c; sourceTree = "<group>"; };
		8A0EE1001E99916400326E3D /* AMPHomeTaskTests.h */ = {isa = PBXFileReference; fileEncoding = 4; lastKnownFileType = sourcecode.c.h; path = AMPHomeTaskTests.h; sourceTree = "<group>"; };
/* End PBXFileReference section */

/* Begin PBXFrameworksBuildPhase section */
		8A0EE0E91E99713700326E3D /* Frameworks */ = {
			isa = PBXFrameworksBuildPhase;
			buildActionMask = 2147483647;
			files = (
			);
			runOnlyForDeploymentPostprocessing = 0;
		};
/* End PBXFrameworksBuildPhase section */

/* Begin PBXGroup section */
		8A0EE0E31E99713700326E3D = {
			isa = PBXGroup;
			children = (
				8A0EE0EE1E99713700326E3D /* AMPStudy */,
				8A0EE0ED1E99713700326E3D /* Products */,
			);
			sourceTree = "<group>";
		};
		8A0EE0ED1E99713700326E3D /* Products */ = {
			isa = PBXGroup;
			children = (
				8A0EE0EC1E99713700326E3D /* AMPStudy */,
			);
			name = Products;
			sourceTree = "<group>";
		};
		8A0EE0EE1E99713700326E3D /* AMPStudy */ = {
			isa = PBXGroup;
			children = (
				8A0EE0F61E99715000326E3D /* Source */,
				8A0EE0EF1E99713700326E3D /* main.c */,
			);
			path = AMPStudy;
			sourceTree = "<group>";
		};
		8A0EE0F61E99715000326E3D /* Source */ = {
			isa = PBXGroup;
			children = (
				8A0EE0FE1E99913E00326E3D /* Tests */,
				8A0EE0F71E99722500326E3D /* AMPFirstHomeTask */,
			);
			path = Source;
			sourceTree = "<group>";
		};
		8A0EE0F71E99722500326E3D /* AMPFirstHomeTask */ = {
			isa = PBXGroup;
			children = (
				8A0EE0F81E99724300326E3D /* AMPFirstHomeTask.c */,
				8A0EE0F91E99724300326E3D /* AMPFirstHomeTask.h */,
				8A0EE0FC1E998A1700326E3D /* AMPMacros.h */,
			);
			path = AMPFirstHomeTask;
			sourceTree = "<group>";
		};
		8A0EE0FE1E99913E00326E3D /* Tests */ = {
			isa = PBXGroup;
			children = (
				8A0EE0FF1E99916400326E3D /* AMPHomeTaskTests.c */,
				8A0EE1001E99916400326E3D /* AMPHomeTaskTests.h */,
			);
			path = Tests;
			sourceTree = "<group>";
		};
/* End PBXGroup section */

/* Begin PBXNativeTarget section */
		8A0EE0EB1E99713700326E3D /* AMPStudy */ = {
			isa = PBXNativeTarget;
			buildConfigurationList = 8A0EE0F31E99713700326E3D /* Build configuration list for PBXNativeTarget "AMPStudy" */;
			buildPhases = (
				8A0EE0E81E99713700326E3D /* Sources */,
				8A0EE0E91E99713700326E3D /* Frameworks */,
				8A0EE0EA1E99713700326E3D /* CopyFiles */,
			);
			buildRules = (
			);
			dependencies = (
			);
			name = AMPStudy;
			productName = AMPStudy;
			productReference = 8A0EE0EC1E99713700326E3D /* AMPStudy */;
			productType = "com.apple.product-type.tool";
		};
/* End PBXNativeTarget section */

/* Begin PBXProject section */
		8A0EE0E41E99713700326E3D /* Project object */ = {
			isa = PBXProject;
			attributes = {
				LastUpgradeCheck = 0830;
				ORGANIZATIONNAME = pilotns;
				TargetAttributes = {
					8A0EE0EB1E99713700326E3D = {
						CreatedOnToolsVersion = 8.3;
						DevelopmentTeam = FWP6H8H8UZ;
						ProvisioningStyle = Automatic;
					};
				};
			};
			buildConfigurationList = 8A0EE0E71E99713700326E3D /* Build configuration list for PBXProject "AMPStudy" */;
			compatibilityVersion = "Xcode 3.2";
			developmentRegion = English;
			hasScannedForEncodings = 0;
			knownRegions = (
				en,
			);
			mainGroup = 8A0EE0E31E99713700326E3D;
			productRefGroup = 8A0EE0ED1E99713700326E3D /* Products */;
			projectDirPath = "";
			projectRoot = "";
			targets = (
				8A0EE0EB1E99713700326E3D /* AMPStudy */,
			);
		};
/* End PBXProject section */

/* Begin PBXSourcesBuildPhase section */
		8A0EE0E81E99713700326E3D /* Sources */ = {
			isa = PBXSourcesBuildPhase;
			buildActionMask = 2147483647;
			files = (
				8A0EE0F01E99713700326E3D /* main.c in Sources */,
				8A0EE0FA1E99724300326E3D /* AMPFirstHomeTask.c in Sources */,
				8A0EE1011E99916400326E3D /* AMPHomeTaskTests.c in Sources */,
			);
			runOnlyForDeploymentPostprocessing = 0;
		};
/* End PBXSourcesBuildPhase section */

/* Begin XCBuildConfiguration section */
		8A0EE0F11E99713700326E3D /* Debug */ = {
			isa = XCBuildConfiguration;
			buildSettings = {
				ALWAYS_SEARCH_USER_PATHS = NO;
				CLANG_ANALYZER_NONNULL = YES;
				CLANG_ANALYZER_NUMBER_OBJECT_CONVERSION = YES_AGGRESSIVE;
				CLANG_CXX_LANGUAGE_STANDARD = "gnu++0x";
				CLANG_CXX_LIBRARY = "libc++";
				CLANG_ENABLE_MODULES = YES;
				CLANG_ENABLE_OBJC_ARC = YES;
				CLANG_WARN_BOOL_CONVERSION = YES;
				CLANG_WARN_CONSTANT_CONVERSION = YES;
				CLANG_WARN_DIRECT_OBJC_ISA_USAGE = YES_ERROR;
				CLANG_WARN_DOCUMENTATION_COMMENTS = YES;
				CLANG_WARN_EMPTY_BODY = YES;
				CLANG_WARN_ENUM_CONVERSION = YES;
				CLANG_WARN_INFINITE_RECURSION = YES;
				CLANG_WARN_INT_CONVERSION = YES;
				CLANG_WARN_OBJC_ROOT_CLASS = YES_ERROR;
				CLANG_WARN_SUSPICIOUS_MOVE = YES;
				CLANG_WARN_UNREACHABLE_CODE = YES;
				CLANG_WARN__DUPLICATE_METHOD_MATCH = YES;
				CODE_SIGN_IDENTITY = "-";
				COPY_PHASE_STRIP = NO;
				DEBUG_INFORMATION_FORMAT = dwarf;
				ENABLE_STRICT_OBJC_MSGSEND = YES;
				ENABLE_TESTABILITY = YES;
				GCC_C_LANGUAGE_STANDARD = gnu99;
				GCC_DYNAMIC_NO_PIC = NO;
				GCC_NO_COMMON_BLOCKS = YES;
				GCC_OPTIMIZATION_LEVEL = 0;
				GCC_PREPROCESSOR_DEFINITIONS = (
					"DEBUG=1",
					"$(inherited)",
				);
				GCC_WARN_64_TO_32_BIT_CONVERSION = YES;
				GCC_WARN_ABOUT_RETURN_TYPE = YES_ERROR;
				GCC_WARN_UNDECLARED_SELECTOR = YES;
				GCC_WARN_UNINITIALIZED_AUTOS = YES_AGGRESSIVE;
				GCC_WARN_UNUSED_FUNCTION = YES;
				GCC_WARN_UNUSED_VARIABLE = YES;
				MACOSX_DEPLOYMENT_TARGET = 10.12;
				MTL_ENABLE_DEBUG_INFO = YES;
				ONLY_ACTIVE_ARCH = YES;
				SDKROOT = macosx;
			};
			name = Debug;
		};
		8A0EE0F21E99713700326E3D /* Release */ = {
			isa = XCBuildConfiguration;
			buildSettings = {
				ALWAYS_SEARCH_USER_PATHS = NO;
				CLANG_ANALYZER_NONNULL = YES;
				CLANG_ANALYZER_NUMBER_OBJECT_CONVERSION = YES_AGGRESSIVE;
				CLANG_CXX_LANGUAGE_STANDARD = "gnu++0x";
				CLANG_CXX_LIBRARY = "libc++";
				CLANG_ENABLE_MODULES = YES;
				CLANG_ENABLE_OBJC_ARC = YES;
				CLANG_WARN_BOOL_CONVERSION = YES;
				CLANG_WARN_CONSTANT_CONVERSION = YES;
				CLANG_WARN_DIRECT_OBJC_ISA_USAGE = YES_ERROR;
				CLANG_WARN_DOCUMENTATION_COMMENTS = YES;
				CLANG_WARN_EMPTY_BODY = YES;
				CLANG_WARN_ENUM_CONVERSION = YES;
				CLANG_WARN_INFINITE_RECURSION = YES;
				CLANG_WARN_INT_CONVERSION = YES;
				CLANG_WARN_OBJC_ROOT_CLASS = YES_ERROR;
				CLANG_WARN_SUSPICIOUS_MOVE = YES;
				CLANG_WARN_UNREACHABLE_CODE = YES;
				CLANG_WARN__DUPLICATE_METHOD_MATCH = YES;
				CODE_SIGN_IDENTITY = "-";
				COPY_PHASE_STRIP = NO;
				DEBUG_INFORMATION_FORMAT = "dwarf-with-dsym";
				ENABLE_NS_ASSERTIONS = NO;
				ENABLE_STRICT_OBJC_MSGSEND = YES;
				GCC_C_LANGUAGE_STANDARD = gnu99;
				GCC_NO_COMMON_BLOCKS = YES;
				GCC_WARN_64_TO_32_BIT_CONVERSION = YES;
				GCC_WARN_ABOUT_RETURN_TYPE = YES_ERROR;
				GCC_WARN_UNDECLARED_SELECTOR = YES;
				GCC_WARN_UNINITIALIZED_AUTOS = YES_AGGRESSIVE;
				GCC_WARN_UNUSED_FUNCTION = YES;
				GCC_WARN_UNUSED_VARIABLE = YES;
				MACOSX_DEPLOYMENT_TARGET = 10.12;
				MTL_ENABLE_DEBUG_INFO = NO;
				SDKROOT = macosx;
			};
			name = Release;
		};
		8A0EE0F41E99713700326E3D /* Debug */ = {
			isa = XCBuildConfiguration;
			buildSettings = {
				DEVELOPMENT_TEAM = FWP6H8H8UZ;
				PRODUCT_NAME = "$(TARGET_NAME)";
			};
			name = Debug;
		};
		8A0EE0F51E99713700326E3D /* Release */ = {
			isa = XCBuildConfiguration;
			buildSettings = {
				DEVELOPMENT_TEAM = FWP6H8H8UZ;
				PRODUCT_NAME = "$(TARGET_NAME)";
			};
			name = Release;
		};
/* End XCBuildConfiguration section */

/* Begin XCConfigurationList section */
		8A0EE0E71E99713700326E3D /* Build configuration list for PBXProject "AMPStudy" */ = {
			isa = XCConfigurationList;
			buildConfigurations = (
				8A0EE0F11E99713700326E3D /* Debug */,
				8A0EE0F21E99713700326E3D /* Release */,
			);
			defaultConfigurationIsVisible = 0;
			defaultConfigurationName = Release;
		};
		8A0EE0F31E99713700326E3D /* Build configuration list for PBXNativeTarget "AMPStudy" */ = {
			isa = XCConfigurationList;
			buildConfigurations = (
				8A0EE0F41E99713700326E3D /* Debug */,
				8A0EE0F51E99713700326E3D /* Release */,
			);
			defaultConfigurationIsVisible = 0;
		};
/* End XCConfigurationList section */
	};
	rootObject = 8A0EE0E41E99713700326E3D /* Project object */;
}
